
Microsoft Visual Studio Solution File, Format Version 12.00
# Visual Studio 15
VisualStudioVersion = 15.0.27428.2015
MinimumVisualStudioVersion = 10.0.40219.1
Project("{FAE04EC0-301F-11D3-BF4B-00C04F79EFBC}") = "2k19extractor", "2k19extractor\2k19extractor.csproj", "{B3195922-6E32-4193-A030-96922AC618F9}"
EndProject
Global
	GlobalSection(SolutionConfigurationPlatforms) = preSolution
		Debug|Any CPU = Debug|Any CPU
		Release|Any CPU = Release|Any CPU
	EndGlobalSection
	GlobalSection(ProjectConfigurationPlatforms) = postSolution
		{B3195922-6E32-4193-A030-96922AC618F9}.Debug|Any CPU.ActiveCfg = Debug|Any CPU
		{B3195922-6E32-4193-A030-96922AC618F9}.Debug|Any CPU.Build.0 = Debug|Any CPU
		{B3195922-6E32-4193-A030-96922AC618F9}.Release|Any CPU.ActiveCfg = Release|Any CPU
		{B3195922-6E32-4193-A030-96922AC618F9}.Release|Any CPU.Build.0 = Release|Any CPU
	EndGlobalSection
	GlobalSection(SolutionProperties) = preSolution
		HideSolutionNode = FALSE
	EndGlobalSection
	GlobalSection(ExtensibilityGlobals) = postSolution
		SolutionGuid = {78C183C2-F3BE-42E3-BD63-D757D70E4099}
	EndGlobalSection
EndGlobal
